
Microsoft Visual Studio Solution File, Format Version 12.00
# Visual Studio Version 16
VisualStudioVersion = 16.0.28504.247
MinimumVisualStudioVersion = 10.0.40219.1
Project("{FAE04EC0-301F-11D3-BF4B-00C04F79EFBC}") = "MyUWPLib", "MyUWPLib\MyUWPLib.csproj", "{505C80B6-2D6D-4571-845C-A64452EA4CCA}"
EndProject
Project("{9A19103F-16F7-4668-BE54-9A1E7A4F7556}") = "MyWinFormsApp.core", "MyWinFormsApp\MyWinFormsApp.core.csproj", "{CB401B65-BF61-49C2-B771-51A35EFFFF30}"
EndProject
Global
	GlobalSection(SolutionConfigurationPlatforms) = preSolution
		Debug|Any CPU = Debug|Any CPU
		Debug|ARM = Debug|ARM
		Debug|ARM64 = Debug|ARM64
		Debug|x64 = Debug|x64
		Debug|x86 = Debug|x86
		Release|Any CPU = Release|Any CPU
		Release|ARM = Release|ARM
		Release|ARM64 = Release|ARM64
		Release|x64 = Release|x64
		Release|x86 = Release|x86
	EndGlobalSection
	GlobalSection(ProjectConfigurationPlatforms) = postSolution
		{505C80B6-2D6D-4571-845C-A64452EA4CCA}.Debug|Any CPU.ActiveCfg = Debug|Any CPU
		{505C80B6-2D6D-4571-845C-A64452EA4CCA}.Debug|Any CPU.Build.0 = Debug|Any CPU
		{505C80B6-2D6D-4571-845C-A64452EA4CCA}.Debug|ARM.ActiveCfg = Debug|ARM
		{505C80B6-2D6D-4571-845C-A64452EA4CCA}.Debug|ARM.Build.0 = Debug|ARM
		{505C80B6-2D6D-4571-845C-A64452EA4CCA}.Debug|ARM64.ActiveCfg = Debug|ARM64
		{505C80B6-2D6D-4571-845C-A64452EA4CCA}.Debug|ARM64.Build.0 = Debug|ARM64
		{505C80B6-2D6D-4571-845C-A64452EA4CCA}.Debug|x64.ActiveCfg = Debug|x86
		{505C80B6-2D6D-4571-845C-A64452EA4CCA}.Debug|x64.Build.0 = Debug|x86
		{505C80B6-2D6D-4571-845C-A64452EA4CCA}.Debug|x86.ActiveCfg = Debug|x86
		{505C80B6-2D6D-4571-845C-A64452EA4CCA}.Debug|x86.Build.0 = Debug|x86
		{505C80B6-2D6D-4571-845C-A64452EA4CCA}.Release|Any CPU.ActiveCfg = Release|Any CPU
		{505C80B6-2D6D-4571-845C-A64452EA4CCA}.Release|Any CPU.Build.0 = Release|Any CPU
		{505C80B6-2D6D-4571-845C-A64452EA4CCA}.Release|ARM.ActiveCfg = Release|ARM
		{505C80B6-2D6D-4571-845C-A64452EA4CCA}.Release|ARM.Build.0 = Release|ARM
		{505C80B6-2D6D-4571-845C-A64452EA4CCA}.Release|ARM64.ActiveCfg = Release|ARM64
		{505C80B6-2D6D-4571-845C-A64452EA4CCA}.Release|ARM64.Build.0 = Release|ARM64
		{505C80B6-2D6D-4571-845C-A64452EA4CCA}.Release|x64.ActiveCfg = Release|x64
		{505C80B6-2D6D-4571-845C-A64452EA4CCA}.Release|x64.Build.0 = Release|x64
		{505C80B6-2D6D-4571-845C-A64452EA4CCA}.Release|x86.ActiveCfg = Release|x86
		{505C80B6-2D6D-4571-845C-A64452EA4CCA}.Release|x86.Build.0 = Release|x86
		{CB401B65-BF61-49C2-B771-51A35EFFFF30}.Debug|Any CPU.ActiveCfg = Debug|x86
		{CB401B65-BF61-49C2-B771-51A35EFFFF30}.Debug|ARM.ActiveCfg = Debug|x86
		{CB401B65-BF61-49C2-B771-51A35EFFFF30}.Debug|ARM64.ActiveCfg = Debug|x86
		{CB401B65-BF61-49C2-B771-51A35EFFFF30}.Debug|x64.ActiveCfg = Debug|x86
		{CB401B65-BF61-49C2-B771-51A35EFFFF30}.Debug|x64.Build.0 = Debug|x86
		{CB401B65-BF61-49C2-B771-51A35EFFFF30}.Debug|x86.ActiveCfg = Debug|x86
		{CB401B65-BF61-49C2-B771-51A35EFFFF30}.Debug|x86.Build.0 = Debug|x86
		{CB401B65-BF61-49C2-B771-51A35EFFFF30}.Release|Any CPU.ActiveCfg = Release|x86
		{CB401B65-BF61-49C2-B771-51A35EFFFF30}.Release|ARM.ActiveCfg = Release|x86
		{CB401B65-BF61-49C2-B771-51A35EFFFF30}.Release|ARM64.ActiveCfg = Release|x86
		{CB401B65-BF61-49C2-B771-51A35EFFFF30}.Release|x64.ActiveCfg = Release|x64
		{CB401B65-BF61-49C2-B771-51A35EFFFF30}.Release|x64.Build.0 = Release|x64
		{CB401B65-BF61-49C2-B771-51A35EFFFF30}.Release|x86.ActiveCfg = Release|x86
		{CB401B65-BF61-49C2-B771-51A35EFFFF30}.Release|x86.Build.0 = Release|x86
	EndGlobalSection
	GlobalSection(SolutionProperties) = preSolution
		HideSolutionNode = FALSE
	EndGlobalSection
	GlobalSection(ExtensibilityGlobals) = postSolution
		SolutionGuid = {6629CF8B-85B5-40DE-9393-4292A98F87F9}
	EndGlobalSection
EndGlobal
