
Microsoft Visual Studio Solution File, Format Version 12.00
# Visual Studio Version 16
VisualStudioVersion = 16.0.29123.89
MinimumVisualStudioVersion = 10.0.40219.1
Project("{FAE04EC0-301F-11D3-BF4B-00C04F79EFBC}") = "WinForms_XAMLIslands_v1", "WinForms_XAMLIslands_v1\WinForms_XAMLIslands_v1.csproj", "{E3F21404-D6B3-4639-ADA6-1166C69F3134}"
EndProject
Project("{FAE04EC0-301F-11D3-BF4B-00C04F79EFBC}") = "CustomXamlApplication", "CustomXamlApplication\CustomXamlApplication.csproj", "{39536B50-5CBE-4F01-BE6F-6FF731138B3E}"
EndProject
Project("{C7167F0D-BC9F-4E6E-AFE1-012C56B48DB5}") = "WAP", "WAP\WAP.wapproj", "{2688BA03-8E38-4CC5-A638-F6FF14FAEC58}"
EndProject
Project("{FAE04EC0-301F-11D3-BF4B-00C04F79EFBC}") = "MyClassLibrary", "MyClassLibrary\MyClassLibrary.csproj", "{8AEBC1E6-314C-4EC4-BF1F-8AD3EFBFABFB}"
EndProject
Global
	GlobalSection(SolutionConfigurationPlatforms) = preSolution
		Debug|Any CPU = Debug|Any CPU
		Debug|ARM = Debug|ARM
		Debug|ARM64 = Debug|ARM64
		Debug|x64 = Debug|x64
		Debug|x86 = Debug|x86
		Release|Any CPU = Release|Any CPU
		Release|ARM = Release|ARM
		Release|ARM64 = Release|ARM64
		Release|x64 = Release|x64
		Release|x86 = Release|x86
	EndGlobalSection
	GlobalSection(ProjectConfigurationPlatforms) = postSolution
		{E3F21404-D6B3-4639-ADA6-1166C69F3134}.Debug|Any CPU.ActiveCfg = Debug|Any CPU
		{E3F21404-D6B3-4639-ADA6-1166C69F3134}.Debug|Any CPU.Build.0 = Debug|Any CPU
		{E3F21404-D6B3-4639-ADA6-1166C69F3134}.Debug|ARM.ActiveCfg = Debug|Any CPU
		{E3F21404-D6B3-4639-ADA6-1166C69F3134}.Debug|ARM.Build.0 = Debug|Any CPU
		{E3F21404-D6B3-4639-ADA6-1166C69F3134}.Debug|ARM64.ActiveCfg = Debug|Any CPU
		{E3F21404-D6B3-4639-ADA6-1166C69F3134}.Debug|ARM64.Build.0 = Debug|Any CPU
		{E3F21404-D6B3-4639-ADA6-1166C69F3134}.Debug|x64.ActiveCfg = Debug|x64
		{E3F21404-D6B3-4639-ADA6-1166C69F3134}.Debug|x64.Build.0 = Debug|x64
		{E3F21404-D6B3-4639-ADA6-1166C69F3134}.Debug|x86.ActiveCfg = Debug|Any CPU
		{E3F21404-D6B3-4639-ADA6-1166C69F3134}.Debug|x86.Build.0 = Debug|Any CPU
		{E3F21404-D6B3-4639-ADA6-1166C69F3134}.Release|Any CPU.ActiveCfg = Release|Any CPU
		{E3F21404-D6B3-4639-ADA6-1166C69F3134}.Release|Any CPU.Build.0 = Release|Any CPU
		{E3F21404-D6B3-4639-ADA6-1166C69F3134}.Release|ARM.ActiveCfg = Release|Any CPU
		{E3F21404-D6B3-4639-ADA6-1166C69F3134}.Release|ARM.Build.0 = Release|Any CPU
		{E3F21404-D6B3-4639-ADA6-1166C69F3134}.Release|ARM64.ActiveCfg = Release|Any CPU
		{E3F21404-D6B3-4639-ADA6-1166C69F3134}.Release|ARM64.Build.0 = Release|Any CPU
		{E3F21404-D6B3-4639-ADA6-1166C69F3134}.Release|x64.ActiveCfg = Release|x64
		{E3F21404-D6B3-4639-ADA6-1166C69F3134}.Release|x64.Build.0 = Release|x64
		{E3F21404-D6B3-4639-ADA6-1166C69F3134}.Release|x86.ActiveCfg = Release|Any CPU
		{E3F21404-D6B3-4639-ADA6-1166C69F3134}.Release|x86.Build.0 = Release|Any CPU
		{39536B50-5CBE-4F01-BE6F-6FF731138B3E}.Debug|Any CPU.ActiveCfg = Debug|x86
		{39536B50-5CBE-4F01-BE6F-6FF731138B3E}.Debug|ARM.ActiveCfg = Debug|ARM
		{39536B50-5CBE-4F01-BE6F-6FF731138B3E}.Debug|ARM.Build.0 = Debug|ARM
		{39536B50-5CBE-4F01-BE6F-6FF731138B3E}.Debug|ARM.Deploy.0 = Debug|ARM
		{39536B50-5CBE-4F01-BE6F-6FF731138B3E}.Debug|ARM64.ActiveCfg = Debug|ARM64
		{39536B50-5CBE-4F01-BE6F-6FF731138B3E}.Debug|ARM64.Build.0 = Debug|ARM64
		{39536B50-5CBE-4F01-BE6F-6FF731138B3E}.Debug|ARM64.Deploy.0 = Debug|ARM64
		{39536B50-5CBE-4F01-BE6F-6FF731138B3E}.Debug|x64.ActiveCfg = Debug|x64
		{39536B50-5CBE-4F01-BE6F-6FF731138B3E}.Debug|x64.Build.0 = Debug|x64
		{39536B50-5CBE-4F01-BE6F-6FF731138B3E}.Debug|x64.Deploy.0 = Debug|x64
		{39536B50-5CBE-4F01-BE6F-6FF731138B3E}.Debug|x86.ActiveCfg = Debug|x86
		{39536B50-5CBE-4F01-BE6F-6FF731138B3E}.Debug|x86.Build.0 = Debug|x86
		{39536B50-5CBE-4F01-BE6F-6FF731138B3E}.Debug|x86.Deploy.0 = Debug|x86
		{39536B50-5CBE-4F01-BE6F-6FF731138B3E}.Release|Any CPU.ActiveCfg = Release|x86
		{39536B50-5CBE-4F01-BE6F-6FF731138B3E}.Release|ARM.ActiveCfg = Release|ARM
		{39536B50-5CBE-4F01-BE6F-6FF731138B3E}.Release|ARM.Build.0 = Release|ARM
		{39536B50-5CBE-4F01-BE6F-6FF731138B3E}.Release|ARM.Deploy.0 = Release|ARM
		{39536B50-5CBE-4F01-BE6F-6FF731138B3E}.Release|ARM64.ActiveCfg = Release|ARM64
		{39536B50-5CBE-4F01-BE6F-6FF731138B3E}.Release|ARM64.Build.0 = Release|ARM64
		{39536B50-5CBE-4F01-BE6F-6FF731138B3E}.Release|ARM64.Deploy.0 = Release|ARM64
		{39536B50-5CBE-4F01-BE6F-6FF731138B3E}.Release|x64.ActiveCfg = Release|x64
		{39536B50-5CBE-4F01-BE6F-6FF731138B3E}.Release|x64.Build.0 = Release|x64
		{39536B50-5CBE-4F01-BE6F-6FF731138B3E}.Release|x64.Deploy.0 = Release|x64
		{39536B50-5CBE-4F01-BE6F-6FF731138B3E}.Release|x86.ActiveCfg = Release|x86
		{39536B50-5CBE-4F01-BE6F-6FF731138B3E}.Release|x86.Build.0 = Release|x86
		{39536B50-5CBE-4F01-BE6F-6FF731138B3E}.Release|x86.Deploy.0 = Release|x86
		{2688BA03-8E38-4CC5-A638-F6FF14FAEC58}.Debug|Any CPU.ActiveCfg = Debug|Any CPU
		{2688BA03-8E38-4CC5-A638-F6FF14FAEC58}.Debug|Any CPU.Build.0 = Debug|Any CPU
		{2688BA03-8E38-4CC5-A638-F6FF14FAEC58}.Debug|Any CPU.Deploy.0 = Debug|Any CPU
		{2688BA03-8E38-4CC5-A638-F6FF14FAEC58}.Debug|ARM.ActiveCfg = Debug|ARM
		{2688BA03-8E38-4CC5-A638-F6FF14FAEC58}.Debug|ARM.Build.0 = Debug|ARM
		{2688BA03-8E38-4CC5-A638-F6FF14FAEC58}.Debug|ARM.Deploy.0 = Debug|ARM
		{2688BA03-8E38-4CC5-A638-F6FF14FAEC58}.Debug|ARM64.ActiveCfg = Debug|ARM64
		{2688BA03-8E38-4CC5-A638-F6FF14FAEC58}.Debug|ARM64.Build.0 = Debug|ARM64
		{2688BA03-8E38-4CC5-A638-F6FF14FAEC58}.Debug|ARM64.Deploy.0 = Debug|ARM64
		{2688BA03-8E38-4CC5-A638-F6FF14FAEC58}.Debug|x64.ActiveCfg = Debug|x64
		{2688BA03-8E38-4CC5-A638-F6FF14FAEC58}.Debug|x64.Build.0 = Debug|x64
		{2688BA03-8E38-4CC5-A638-F6FF14FAEC58}.Debug|x64.Deploy.0 = Debug|x64
		{2688BA03-8E38-4CC5-A638-F6FF14FAEC58}.Debug|x86.ActiveCfg = Debug|x86
		{2688BA03-8E38-4CC5-A638-F6FF14FAEC58}.Debug|x86.Build.0 = Debug|x86
		{2688BA03-8E38-4CC5-A638-F6FF14FAEC58}.Debug|x86.Deploy.0 = Debug|x86
		{2688BA03-8E38-4CC5-A638-F6FF14FAEC58}.Release|Any CPU.ActiveCfg = Release|Any CPU
		{2688BA03-8E38-4CC5-A638-F6FF14FAEC58}.Release|Any CPU.Build.0 = Release|Any CPU
		{2688BA03-8E38-4CC5-A638-F6FF14FAEC58}.Release|Any CPU.Deploy.0 = Release|Any CPU
		{2688BA03-8E38-4CC5-A638-F6FF14FAEC58}.Release|ARM.ActiveCfg = Release|ARM
		{2688BA03-8E38-4CC5-A638-F6FF14FAEC58}.Release|ARM.Build.0 = Release|ARM
		{2688BA03-8E38-4CC5-A638-F6FF14FAEC58}.Release|ARM.Deploy.0 = Release|ARM
		{2688BA03-8E38-4CC5-A638-F6FF14FAEC58}.Release|ARM64.ActiveCfg = Release|ARM64
		{2688BA03-8E38-4CC5-A638-F6FF14FAEC58}.Release|ARM64.Build.0 = Release|ARM64
		{2688BA03-8E38-4CC5-A638-F6FF14FAEC58}.Release|ARM64.Deploy.0 = Release|ARM64
		{2688BA03-8E38-4CC5-A638-F6FF14FAEC58}.Release|x64.ActiveCfg = Release|x64
		{2688BA03-8E38-4CC5-A638-F6FF14FAEC58}.Release|x64.Build.0 = Release|x64
		{2688BA03-8E38-4CC5-A638-F6FF14FAEC58}.Release|x64.Deploy.0 = Release|x64
		{2688BA03-8E38-4CC5-A638-F6FF14FAEC58}.Release|x86.ActiveCfg = Release|x86
		{2688BA03-8E38-4CC5-A638-F6FF14FAEC58}.Release|x86.Build.0 = Release|x86
		{2688BA03-8E38-4CC5-A638-F6FF14FAEC58}.Release|x86.Deploy.0 = Release|x86
		{8AEBC1E6-314C-4EC4-BF1F-8AD3EFBFABFB}.Debug|Any CPU.ActiveCfg = Debug|Any CPU
		{8AEBC1E6-314C-4EC4-BF1F-8AD3EFBFABFB}.Debug|Any CPU.Build.0 = Debug|Any CPU
		{8AEBC1E6-314C-4EC4-BF1F-8AD3EFBFABFB}.Debug|ARM.ActiveCfg = Debug|ARM
		{8AEBC1E6-314C-4EC4-BF1F-8AD3EFBFABFB}.Debug|ARM.Build.0 = Debug|ARM
		{8AEBC1E6-314C-4EC4-BF1F-8AD3EFBFABFB}.Debug|ARM64.ActiveCfg = Debug|ARM64
		{8AEBC1E6-314C-4EC4-BF1F-8AD3EFBFABFB}.Debug|ARM64.Build.0 = Debug|ARM64
		{8AEBC1E6-314C-4EC4-BF1F-8AD3EFBFABFB}.Debug|x64.ActiveCfg = Debug|x64
		{8AEBC1E6-314C-4EC4-BF1F-8AD3EFBFABFB}.Debug|x64.Build.0 = Debug|x64
		{8AEBC1E6-314C-4EC4-BF1F-8AD3EFBFABFB}.Debug|x86.ActiveCfg = Debug|x86
		{8AEBC1E6-314C-4EC4-BF1F-8AD3EFBFABFB}.Debug|x86.Build.0 = Debug|x86
		{8AEBC1E6-314C-4EC4-BF1F-8AD3EFBFABFB}.Release|Any CPU.ActiveCfg = Release|Any CPU
		{8AEBC1E6-314C-4EC4-BF1F-8AD3EFBFABFB}.Release|Any CPU.Build.0 = Release|Any CPU
		{8AEBC1E6-314C-4EC4-BF1F-8AD3EFBFABFB}.Release|ARM.ActiveCfg = Release|ARM
		{8AEBC1E6-314C-4EC4-BF1F-8AD3EFBFABFB}.Release|ARM.Build.0 = Release|ARM
		{8AEBC1E6-314C-4EC4-BF1F-8AD3EFBFABFB}.Release|ARM64.ActiveCfg = Release|ARM64
		{8AEBC1E6-314C-4EC4-BF1F-8AD3EFBFABFB}.Release|ARM64.Build.0 = Release|ARM64
		{8AEBC1E6-314C-4EC4-BF1F-8AD3EFBFABFB}.Release|x64.ActiveCfg = Release|x64
		{8AEBC1E6-314C-4EC4-BF1F-8AD3EFBFABFB}.Release|x64.Build.0 = Release|x64
		{8AEBC1E6-314C-4EC4-BF1F-8AD3EFBFABFB}.Release|x86.ActiveCfg = Release|x86
		{8AEBC1E6-314C-4EC4-BF1F-8AD3EFBFABFB}.Release|x86.Build.0 = Release|x86
	EndGlobalSection
	GlobalSection(SolutionProperties) = preSolution
		HideSolutionNode = FALSE
	EndGlobalSection
	GlobalSection(ExtensibilityGlobals) = postSolution
		SolutionGuid = {74D4B2C1-0253-4DCA-A0BA-9CC777E76354}
	EndGlobalSection
EndGlobal
