
Microsoft Visual Studio Solution File, Format Version 12.00
# Visual Studio 15
VisualStudioVersion = 15.0.27703.2042
MinimumVisualStudioVersion = 10.0.40219.1
Project("{FAE04EC0-301F-11D3-BF4B-00C04F79EFBC}") = "WPFAppWithWindowsXamlHost", "WPFAppWithWindowsXamlHost\WPFAppWithWindowsXamlHost.csproj", "{655B8E80-DF3A-47E6-8761-77571A384CAA}"
EndProject
Project("{FAE04EC0-301F-11D3-BF4B-00C04F79EFBC}") = "ManageUserControl", "ManageUserControl\ManageUserControl.csproj", "{AC6CBF86-71B1-48C7-9FEB-3C8AD61ED65C}"
EndProject
Global
	GlobalSection(SolutionConfigurationPlatforms) = preSolution
		Debug|Any CPU = Debug|Any CPU
		Debug|ARM = Debug|ARM
		Debug|ARM64 = Debug|ARM64
		Debug|x64 = Debug|x64
		Debug|x86 = Debug|x86
		Release|Any CPU = Release|Any CPU
		Release|ARM = Release|ARM
		Release|ARM64 = Release|ARM64
		Release|x64 = Release|x64
		Release|x86 = Release|x86
	EndGlobalSection
	GlobalSection(ProjectConfigurationPlatforms) = postSolution
		{655B8E80-DF3A-47E6-8761-77571A384CAA}.Debug|Any CPU.ActiveCfg = Debug|Any CPU
		{655B8E80-DF3A-47E6-8761-77571A384CAA}.Debug|Any CPU.Build.0 = Debug|Any CPU
		{655B8E80-DF3A-47E6-8761-77571A384CAA}.Debug|ARM.ActiveCfg = Debug|Any CPU
		{655B8E80-DF3A-47E6-8761-77571A384CAA}.Debug|ARM.Build.0 = Debug|Any CPU
		{655B8E80-DF3A-47E6-8761-77571A384CAA}.Debug|ARM64.ActiveCfg = Debug|Any CPU
		{655B8E80-DF3A-47E6-8761-77571A384CAA}.Debug|ARM64.Build.0 = Debug|Any CPU
		{655B8E80-DF3A-47E6-8761-77571A384CAA}.Debug|x64.ActiveCfg = Debug|Any CPU
		{655B8E80-DF3A-47E6-8761-77571A384CAA}.Debug|x64.Build.0 = Debug|Any CPU
		{655B8E80-DF3A-47E6-8761-77571A384CAA}.Debug|x86.ActiveCfg = Debug|Any CPU
		{655B8E80-DF3A-47E6-8761-77571A384CAA}.Debug|x86.Build.0 = Debug|Any CPU
		{655B8E80-DF3A-47E6-8761-77571A384CAA}.Release|Any CPU.ActiveCfg = Release|Any CPU
		{655B8E80-DF3A-47E6-8761-77571A384CAA}.Release|Any CPU.Build.0 = Release|Any CPU
		{655B8E80-DF3A-47E6-8761-77571A384CAA}.Release|ARM.ActiveCfg = Release|Any CPU
		{655B8E80-DF3A-47E6-8761-77571A384CAA}.Release|ARM.Build.0 = Release|Any CPU
		{655B8E80-DF3A-47E6-8761-77571A384CAA}.Release|ARM64.ActiveCfg = Release|Any CPU
		{655B8E80-DF3A-47E6-8761-77571A384CAA}.Release|ARM64.Build.0 = Release|Any CPU
		{655B8E80-DF3A-47E6-8761-77571A384CAA}.Release|x64.ActiveCfg = Release|Any CPU
		{655B8E80-DF3A-47E6-8761-77571A384CAA}.Release|x64.Build.0 = Release|Any CPU
		{655B8E80-DF3A-47E6-8761-77571A384CAA}.Release|x86.ActiveCfg = Release|Any CPU
		{655B8E80-DF3A-47E6-8761-77571A384CAA}.Release|x86.Build.0 = Release|Any CPU
		{AC6CBF86-71B1-48C7-9FEB-3C8AD61ED65C}.Debug|Any CPU.ActiveCfg = Debug|Any CPU
		{AC6CBF86-71B1-48C7-9FEB-3C8AD61ED65C}.Debug|Any CPU.Build.0 = Debug|Any CPU
		{AC6CBF86-71B1-48C7-9FEB-3C8AD61ED65C}.Debug|ARM.ActiveCfg = Debug|ARM
		{AC6CBF86-71B1-48C7-9FEB-3C8AD61ED65C}.Debug|ARM.Build.0 = Debug|ARM
		{AC6CBF86-71B1-48C7-9FEB-3C8AD61ED65C}.Debug|ARM64.ActiveCfg = Debug|ARM64
		{AC6CBF86-71B1-48C7-9FEB-3C8AD61ED65C}.Debug|ARM64.Build.0 = Debug|ARM64
		{AC6CBF86-71B1-48C7-9FEB-3C8AD61ED65C}.Debug|x64.ActiveCfg = Debug|x64
		{AC6CBF86-71B1-48C7-9FEB-3C8AD61ED65C}.Debug|x64.Build.0 = Debug|x64
		{AC6CBF86-71B1-48C7-9FEB-3C8AD61ED65C}.Debug|x86.ActiveCfg = Debug|x86
		{AC6CBF86-71B1-48C7-9FEB-3C8AD61ED65C}.Debug|x86.Build.0 = Debug|x86
		{AC6CBF86-71B1-48C7-9FEB-3C8AD61ED65C}.Release|Any CPU.ActiveCfg = Release|Any CPU
		{AC6CBF86-71B1-48C7-9FEB-3C8AD61ED65C}.Release|Any CPU.Build.0 = Release|Any CPU
		{AC6CBF86-71B1-48C7-9FEB-3C8AD61ED65C}.Release|ARM.ActiveCfg = Release|ARM
		{AC6CBF86-71B1-48C7-9FEB-3C8AD61ED65C}.Release|ARM.Build.0 = Release|ARM
		{AC6CBF86-71B1-48C7-9FEB-3C8AD61ED65C}.Release|ARM64.ActiveCfg = Release|ARM64
		{AC6CBF86-71B1-48C7-9FEB-3C8AD61ED65C}.Release|ARM64.Build.0 = Release|ARM64
		{AC6CBF86-71B1-48C7-9FEB-3C8AD61ED65C}.Release|x64.ActiveCfg = Release|x64
		{AC6CBF86-71B1-48C7-9FEB-3C8AD61ED65C}.Release|x64.Build.0 = Release|x64
		{AC6CBF86-71B1-48C7-9FEB-3C8AD61ED65C}.Release|x86.ActiveCfg = Release|x86
		{AC6CBF86-71B1-48C7-9FEB-3C8AD61ED65C}.Release|x86.Build.0 = Release|x86
	EndGlobalSection
	GlobalSection(SolutionProperties) = preSolution
		HideSolutionNode = FALSE
	EndGlobalSection
	GlobalSection(ExtensibilityGlobals) = postSolution
		SolutionGuid = {FC370061-F092-47C4-B5CC-F97AC4B0AD0D}
	EndGlobalSection
EndGlobal
