
Microsoft Visual Studio Solution File, Format Version 12.00
# Visual Studio Version 16
VisualStudioVersion = 16.0.28606.126
MinimumVisualStudioVersion = 10.0.40219.1
Project("{FAE04EC0-301F-11D3-BF4B-00C04F79EFBC}") = "UWPApp", "UWPApp\UWPApp.csproj", "{A6582B58-8B58-4537-8131-6A31E8540A04}"
EndProject
Project("{FAE04EC0-301F-11D3-BF4B-00C04F79EFBC}") = "UWPWinRTComponent", "UWPWinRTComponent\UWPWinRTComponent.csproj", "{7B46C585-1CAD-4BEB-9A81-24EBA0103EAA}"
EndProject
Project("{9A19103F-16F7-4668-BE54-9A1E7A4F7556}") = "WPFCore3App", "WPFCore3App\WPFCore3App.csproj", "{7AAE5268-8898-4223-8C02-A8801E1911DE}"
EndProject
Project("{C7167F0D-BC9F-4E6E-AFE1-012C56B48DB5}") = "WapProj", "WapProj\WapProj.wapproj", "{BC2A4A56-B37E-4103-B444-30870FF37690}"
EndProject
Project("{2150E333-8FDC-42A3-9474-1A3956D46DE8}") = "Solution Items", "Solution Items", "{B16C150A-3B6A-41E9-ADCA-774FE38E6808}"
	ProjectSection(SolutionItems) = preProject
		nuget.config = nuget.config
	EndProjectSection
EndProject
Global
	GlobalSection(SolutionConfigurationPlatforms) = preSolution
		Debug|Any CPU = Debug|Any CPU
		Debug|ARM = Debug|ARM
		Debug|ARM64 = Debug|ARM64
		Debug|x64 = Debug|x64
		Debug|x86 = Debug|x86
		Release|Any CPU = Release|Any CPU
		Release|ARM = Release|ARM
		Release|ARM64 = Release|ARM64
		Release|x64 = Release|x64
		Release|x86 = Release|x86
	EndGlobalSection
	GlobalSection(ProjectConfigurationPlatforms) = postSolution
		{A6582B58-8B58-4537-8131-6A31E8540A04}.Debug|Any CPU.ActiveCfg = Debug|x86
		{A6582B58-8B58-4537-8131-6A31E8540A04}.Debug|ARM.ActiveCfg = Debug|ARM
		{A6582B58-8B58-4537-8131-6A31E8540A04}.Debug|ARM.Build.0 = Debug|ARM
		{A6582B58-8B58-4537-8131-6A31E8540A04}.Debug|ARM.Deploy.0 = Debug|ARM
		{A6582B58-8B58-4537-8131-6A31E8540A04}.Debug|ARM64.ActiveCfg = Debug|ARM64
		{A6582B58-8B58-4537-8131-6A31E8540A04}.Debug|ARM64.Build.0 = Debug|ARM64
		{A6582B58-8B58-4537-8131-6A31E8540A04}.Debug|ARM64.Deploy.0 = Debug|ARM64
		{A6582B58-8B58-4537-8131-6A31E8540A04}.Debug|x64.ActiveCfg = Debug|x64
		{A6582B58-8B58-4537-8131-6A31E8540A04}.Debug|x64.Build.0 = Debug|x64
		{A6582B58-8B58-4537-8131-6A31E8540A04}.Debug|x64.Deploy.0 = Debug|x64
		{A6582B58-8B58-4537-8131-6A31E8540A04}.Debug|x86.ActiveCfg = Debug|x86
		{A6582B58-8B58-4537-8131-6A31E8540A04}.Debug|x86.Build.0 = Debug|x86
		{A6582B58-8B58-4537-8131-6A31E8540A04}.Debug|x86.Deploy.0 = Debug|x86
		{A6582B58-8B58-4537-8131-6A31E8540A04}.Release|Any CPU.ActiveCfg = Release|x86
		{A6582B58-8B58-4537-8131-6A31E8540A04}.Release|ARM.ActiveCfg = Release|ARM
		{A6582B58-8B58-4537-8131-6A31E8540A04}.Release|ARM.Build.0 = Release|ARM
		{A6582B58-8B58-4537-8131-6A31E8540A04}.Release|ARM.Deploy.0 = Release|ARM
		{A6582B58-8B58-4537-8131-6A31E8540A04}.Release|ARM64.ActiveCfg = Release|ARM64
		{A6582B58-8B58-4537-8131-6A31E8540A04}.Release|ARM64.Build.0 = Release|ARM64
		{A6582B58-8B58-4537-8131-6A31E8540A04}.Release|ARM64.Deploy.0 = Release|ARM64
		{A6582B58-8B58-4537-8131-6A31E8540A04}.Release|x64.ActiveCfg = Release|x64
		{A6582B58-8B58-4537-8131-6A31E8540A04}.Release|x64.Build.0 = Release|x64
		{A6582B58-8B58-4537-8131-6A31E8540A04}.Release|x64.Deploy.0 = Release|x64
		{A6582B58-8B58-4537-8131-6A31E8540A04}.Release|x86.ActiveCfg = Release|x86
		{A6582B58-8B58-4537-8131-6A31E8540A04}.Release|x86.Build.0 = Release|x86
		{A6582B58-8B58-4537-8131-6A31E8540A04}.Release|x86.Deploy.0 = Release|x86
		{7B46C585-1CAD-4BEB-9A81-24EBA0103EAA}.Debug|Any CPU.ActiveCfg = Debug|Any CPU
		{7B46C585-1CAD-4BEB-9A81-24EBA0103EAA}.Debug|Any CPU.Build.0 = Debug|Any CPU
		{7B46C585-1CAD-4BEB-9A81-24EBA0103EAA}.Debug|ARM.ActiveCfg = Debug|ARM
		{7B46C585-1CAD-4BEB-9A81-24EBA0103EAA}.Debug|ARM.Build.0 = Debug|ARM
		{7B46C585-1CAD-4BEB-9A81-24EBA0103EAA}.Debug|ARM64.ActiveCfg = Debug|ARM64
		{7B46C585-1CAD-4BEB-9A81-24EBA0103EAA}.Debug|ARM64.Build.0 = Debug|ARM64
		{7B46C585-1CAD-4BEB-9A81-24EBA0103EAA}.Debug|x64.ActiveCfg = Debug|x64
		{7B46C585-1CAD-4BEB-9A81-24EBA0103EAA}.Debug|x64.Build.0 = Debug|x64
		{7B46C585-1CAD-4BEB-9A81-24EBA0103EAA}.Debug|x86.ActiveCfg = Debug|x86
		{7B46C585-1CAD-4BEB-9A81-24EBA0103EAA}.Debug|x86.Build.0 = Debug|x86
		{7B46C585-1CAD-4BEB-9A81-24EBA0103EAA}.Release|Any CPU.ActiveCfg = Release|Any CPU
		{7B46C585-1CAD-4BEB-9A81-24EBA0103EAA}.Release|Any CPU.Build.0 = Release|Any CPU
		{7B46C585-1CAD-4BEB-9A81-24EBA0103EAA}.Release|ARM.ActiveCfg = Release|ARM
		{7B46C585-1CAD-4BEB-9A81-24EBA0103EAA}.Release|ARM.Build.0 = Release|ARM
		{7B46C585-1CAD-4BEB-9A81-24EBA0103EAA}.Release|ARM64.ActiveCfg = Release|ARM64
		{7B46C585-1CAD-4BEB-9A81-24EBA0103EAA}.Release|ARM64.Build.0 = Release|ARM64
		{7B46C585-1CAD-4BEB-9A81-24EBA0103EAA}.Release|x64.ActiveCfg = Release|x64
		{7B46C585-1CAD-4BEB-9A81-24EBA0103EAA}.Release|x64.Build.0 = Release|x64
		{7B46C585-1CAD-4BEB-9A81-24EBA0103EAA}.Release|x86.ActiveCfg = Release|x86
		{7B46C585-1CAD-4BEB-9A81-24EBA0103EAA}.Release|x86.Build.0 = Release|x86
		{7AAE5268-8898-4223-8C02-A8801E1911DE}.Debug|Any CPU.ActiveCfg = Debug|Any CPU
		{7AAE5268-8898-4223-8C02-A8801E1911DE}.Debug|Any CPU.Build.0 = Debug|Any CPU
		{7AAE5268-8898-4223-8C02-A8801E1911DE}.Debug|ARM.ActiveCfg = Debug|Any CPU
		{7AAE5268-8898-4223-8C02-A8801E1911DE}.Debug|ARM.Build.0 = Debug|Any CPU
		{7AAE5268-8898-4223-8C02-A8801E1911DE}.Debug|ARM64.ActiveCfg = Debug|Any CPU
		{7AAE5268-8898-4223-8C02-A8801E1911DE}.Debug|ARM64.Build.0 = Debug|Any CPU
		{7AAE5268-8898-4223-8C02-A8801E1911DE}.Debug|x64.ActiveCfg = Debug|x64
		{7AAE5268-8898-4223-8C02-A8801E1911DE}.Debug|x64.Build.0 = Debug|x64
		{7AAE5268-8898-4223-8C02-A8801E1911DE}.Debug|x86.ActiveCfg = Debug|x86
		{7AAE5268-8898-4223-8C02-A8801E1911DE}.Debug|x86.Build.0 = Debug|x86
		{7AAE5268-8898-4223-8C02-A8801E1911DE}.Release|Any CPU.ActiveCfg = Release|Any CPU
		{7AAE5268-8898-4223-8C02-A8801E1911DE}.Release|Any CPU.Build.0 = Release|Any CPU
		{7AAE5268-8898-4223-8C02-A8801E1911DE}.Release|ARM.ActiveCfg = Release|Any CPU
		{7AAE5268-8898-4223-8C02-A8801E1911DE}.Release|ARM.Build.0 = Release|Any CPU
		{7AAE5268-8898-4223-8C02-A8801E1911DE}.Release|ARM64.ActiveCfg = Release|Any CPU
		{7AAE5268-8898-4223-8C02-A8801E1911DE}.Release|ARM64.Build.0 = Release|Any CPU
		{7AAE5268-8898-4223-8C02-A8801E1911DE}.Release|x64.ActiveCfg = Release|x64
		{7AAE5268-8898-4223-8C02-A8801E1911DE}.Release|x64.Build.0 = Release|x64
		{7AAE5268-8898-4223-8C02-A8801E1911DE}.Release|x86.ActiveCfg = Release|x86
		{7AAE5268-8898-4223-8C02-A8801E1911DE}.Release|x86.Build.0 = Release|x86
		{BC2A4A56-B37E-4103-B444-30870FF37690}.Debug|Any CPU.ActiveCfg = Debug|Any CPU
		{BC2A4A56-B37E-4103-B444-30870FF37690}.Debug|Any CPU.Build.0 = Debug|Any CPU
		{BC2A4A56-B37E-4103-B444-30870FF37690}.Debug|Any CPU.Deploy.0 = Debug|Any CPU
		{BC2A4A56-B37E-4103-B444-30870FF37690}.Debug|ARM.ActiveCfg = Debug|ARM
		{BC2A4A56-B37E-4103-B444-30870FF37690}.Debug|ARM.Build.0 = Debug|ARM
		{BC2A4A56-B37E-4103-B444-30870FF37690}.Debug|ARM.Deploy.0 = Debug|ARM
		{BC2A4A56-B37E-4103-B444-30870FF37690}.Debug|ARM64.ActiveCfg = Debug|ARM64
		{BC2A4A56-B37E-4103-B444-30870FF37690}.Debug|ARM64.Build.0 = Debug|ARM64
		{BC2A4A56-B37E-4103-B444-30870FF37690}.Debug|ARM64.Deploy.0 = Debug|ARM64
		{BC2A4A56-B37E-4103-B444-30870FF37690}.Debug|x64.ActiveCfg = Debug|x64
		{BC2A4A56-B37E-4103-B444-30870FF37690}.Debug|x64.Build.0 = Debug|x64
		{BC2A4A56-B37E-4103-B444-30870FF37690}.Debug|x64.Deploy.0 = Debug|x64
		{BC2A4A56-B37E-4103-B444-30870FF37690}.Debug|x86.ActiveCfg = Debug|x86
		{BC2A4A56-B37E-4103-B444-30870FF37690}.Debug|x86.Build.0 = Debug|x86
		{BC2A4A56-B37E-4103-B444-30870FF37690}.Debug|x86.Deploy.0 = Debug|x86
		{BC2A4A56-B37E-4103-B444-30870FF37690}.Release|Any CPU.ActiveCfg = Release|Any CPU
		{BC2A4A56-B37E-4103-B444-30870FF37690}.Release|Any CPU.Build.0 = Release|Any CPU
		{BC2A4A56-B37E-4103-B444-30870FF37690}.Release|Any CPU.Deploy.0 = Release|Any CPU
		{BC2A4A56-B37E-4103-B444-30870FF37690}.Release|ARM.ActiveCfg = Release|ARM
		{BC2A4A56-B37E-4103-B444-30870FF37690}.Release|ARM.Build.0 = Release|ARM
		{BC2A4A56-B37E-4103-B444-30870FF37690}.Release|ARM.Deploy.0 = Release|ARM
		{BC2A4A56-B37E-4103-B444-30870FF37690}.Release|ARM64.ActiveCfg = Release|ARM64
		{BC2A4A56-B37E-4103-B444-30870FF37690}.Release|ARM64.Build.0 = Release|ARM64
		{BC2A4A56-B37E-4103-B444-30870FF37690}.Release|ARM64.Deploy.0 = Release|ARM64
		{BC2A4A56-B37E-4103-B444-30870FF37690}.Release|x64.ActiveCfg = Release|x64
		{BC2A4A56-B37E-4103-B444-30870FF37690}.Release|x64.Build.0 = Release|x64
		{BC2A4A56-B37E-4103-B444-30870FF37690}.Release|x64.Deploy.0 = Release|x64
		{BC2A4A56-B37E-4103-B444-30870FF37690}.Release|x86.ActiveCfg = Release|x86
		{BC2A4A56-B37E-4103-B444-30870FF37690}.Release|x86.Build.0 = Release|x86
		{BC2A4A56-B37E-4103-B444-30870FF37690}.Release|x86.Deploy.0 = Release|x86
	EndGlobalSection
	GlobalSection(SolutionProperties) = preSolution
		HideSolutionNode = FALSE
	EndGlobalSection
	GlobalSection(ExtensibilityGlobals) = postSolution
		SolutionGuid = {2D905425-ADAA-4C7F-B634-34296D9E5655}
	EndGlobalSection
EndGlobal
